
Microsoft Visual Studio Solution File, Format Version 12.00
# Visual Studio Version 16
VisualStudioVersion = 16.0.29613.14
MinimumVisualStudioVersion = 10.0.40219.1
Project("{F184B08F-C81C-45F6-A57F-5ABD9991F28F}") = "MathContest", "MathContest.vbproj", "{92C39DEC-7BFF-4933-AA4C-8D41AD24767D}"
EndProject
Global
	GlobalSection(SolutionConfigurationPlatforms) = preSolution
		Debug|Any CPU = Debug|Any CPU
		Release|Any CPU = Release|Any CPU
	EndGlobalSection
	GlobalSection(ProjectConfigurationPlatforms) = postSolution
		{92C39DEC-7BFF-4933-AA4C-8D41AD24767D}.Debug|Any CPU.ActiveCfg = Debug|Any CPU
		{92C39DEC-7BFF-4933-AA4C-8D41AD24767D}.Debug|Any CPU.Build.0 = Debug|Any CPU
		{92C39DEC-7BFF-4933-AA4C-8D41AD24767D}.Release|Any CPU.ActiveCfg = Release|Any CPU
		{92C39DEC-7BFF-4933-AA4C-8D41AD24767D}.Release|Any CPU.Build.0 = Release|Any CPU
	EndGlobalSection
	GlobalSection(SolutionProperties) = preSolution
		HideSolutionNode = FALSE
	EndGlobalSection
	GlobalSection(ExtensibilityGlobals) = postSolution
		SolutionGuid = {434F34D9-937A-4FCB-8DA6-AD23D18C4539}
	EndGlobalSection
EndGlobal
