
Microsoft Visual Studio Solution File, Format Version 12.00
# Visual Studio Version 16
VisualStudioVersion = 16.0.29613.14
MinimumVisualStudioVersion = 10.0.40219.1
Project("{F184B08F-C81C-45F6-A57F-5ABD9991F28F}") = "FormsRollOfTheDice", "FormsRollOfTheDice.vbproj", "{0A6292F2-D2DE-4275-8D79-70921E3E66C0}"
EndProject
Global
	GlobalSection(SolutionConfigurationPlatforms) = preSolution
		Debug|Any CPU = Debug|Any CPU
		Release|Any CPU = Release|Any CPU
	EndGlobalSection
	GlobalSection(ProjectConfigurationPlatforms) = postSolution
		{0A6292F2-D2DE-4275-8D79-70921E3E66C0}.Debug|Any CPU.ActiveCfg = Debug|Any CPU
		{0A6292F2-D2DE-4275-8D79-70921E3E66C0}.Debug|Any CPU.Build.0 = Debug|Any CPU
		{0A6292F2-D2DE-4275-8D79-70921E3E66C0}.Release|Any CPU.ActiveCfg = Release|Any CPU
		{0A6292F2-D2DE-4275-8D79-70921E3E66C0}.Release|Any CPU.Build.0 = Release|Any CPU
	EndGlobalSection
	GlobalSection(SolutionProperties) = preSolution
		HideSolutionNode = FALSE
	EndGlobalSection
	GlobalSection(ExtensibilityGlobals) = postSolution
		SolutionGuid = {5EFCA991-3FDC-4C58-A3BA-0906964579B8}
	EndGlobalSection
EndGlobal
